Microsoft Visual Studio Solution File, Format Version 12.00
# Visual Studio 2012
Project("{FAE04EC0-301F-11D3-BF4B-00C04F79EFBC}") = "Decembrist Plugin", "Decembrist Plugin.csproj", "{009F4AE3-B7A3-406D-8521-76DE42F276CC}"
EndProject
Global
	GlobalSection(SolutionConfigurationPlatforms) = preSolution
	Debug|Any CPU = Debug|Any CPU
	ExportDebug|Any CPU = ExportDebug|Any CPU
	ExportRelease|Any CPU = ExportRelease|Any CPU
	EndGlobalSection
	GlobalSection(ProjectConfigurationPlatforms) = postSolution
		{009F4AE3-B7A3-406D-8521-76DE42F276CC}.Debug|Any CPU.ActiveCfg = Debug|Any CPU
		{009F4AE3-B7A3-406D-8521-76DE42F276CC}.Debug|Any CPU.Build.0 = Debug|Any CPU
		{009F4AE3-B7A3-406D-8521-76DE42F276CC}.ExportDebug|Any CPU.ActiveCfg = ExportDebug|Any CPU
		{009F4AE3-B7A3-406D-8521-76DE42F276CC}.ExportDebug|Any CPU.Build.0 = ExportDebug|Any CPU
		{009F4AE3-B7A3-406D-8521-76DE42F276CC}.ExportRelease|Any CPU.ActiveCfg = ExportRelease|Any CPU
		{009F4AE3-B7A3-406D-8521-76DE42F276CC}.ExportRelease|Any CPU.Build.0 = ExportRelease|Any CPU
	EndGlobalSection
EndGlobal
